cffi==2.1.1 --hash=sha256:b0431303acaea1089ad4b3e9ce4e6518193def1118d4073ca848635ee4ea2e96
brotli==1.2.0 --hash=sha256:cf9cba6f5b78a2071ec6fb1e7bd39acf35071d90a81231d67e92d637776a6a63
certifi==2026.7.22 --hash=sha256:62f22742b58a1a33014a2b6b706588a8d7e2a88ae7bd1a6ebe8c992928483775
cryptography==50.0.1 --hash=sha256:51afcfceb15597cf2635068e4ac9a56b2abde622edde17f37d85fd7b5306497a
charset-normalizer==3.5.1 --hash=sha256:15f024313246a4ed976c60f440bb8d257815513a681d212ff74fd46f7d715a90
dbus-next==0.2.3 --hash=sha256:58948f9aff9db08316734c0be2a120f6dc502124d9642f55e90ac82ffb16a18b
idna==3.19 --hash=sha256:815e7be7a7806d54abb586dc943addc79e8b2ee16915059658cbeff4b1b43bf4
jeepney==0.9.0 --hash=sha256:97e5714520c16fc0a45695e5365a2e11b81ea79bba796e26f9f1d178cb182683
pycparser==3.0 --hash=sha256:b727414169a36b7d524c1c3e31839a521725078d7b2ff038656844266160a992
mutagen==1.48.1 --hash=sha256:4f077fe87d3fc7fba259aa63d8c026b18382ca6a42ef37c61e16f1b1b5b82fe7
secretstorage==3.5.0 --hash=sha256:0ce65888c0725fcb2c5bc0fdb8e5438eece02c523557ea40ce0703c266248137
pycryptodomex==3.23.0 --hash=sha256:f489c4765093fb60e2edafdf223397bc716491b2b69fe74367b70d6999257a5c
requests==2.34.2 --hash=sha256:2a0d60c172f83ac6ab31e4554906c0f3b3588d37b5cb939b1c061f4907e278e0
urllib3==2.7.0 --hash=sha256:9fb4c81ebbb1ce9531cce37674bbc6f1360472bc18ca9a553ede278ef7276897
websockets==17.1 --hash=sha256:6f42912fa9eb4cb7c7ec9fde9b3332ba339eb8a8811981043d4029599f3d950b
yt-dlp==2026.8.19 --hash=sha256:1d57897e94c6665a0a6f9bc54b34e584284e32c034ffab3a7df25d8f7b24eedf
yt-dlp-ejs==0.8.0 --hash=sha256:79300e5fca7f937a1eeede11f0456862c1b41107ce1d726871e0207424f4bdb4
